
Microsoft Visual Studio Solution File, Format Version 12.00
# Visual Studio Version 16
VisualStudioVersion = 16.0.29324.140
MinimumVisualStudioVersion = 10.0.40219.1
Project("{FAE04EC0-301F-11D3-BF4B-00C04F79EFBC}") = "XamScheduler", "XamScheduler\XamScheduler.csproj", "{DCE51FF4-9F72-4B39-9DC9-4A39F1037949}"
EndProject
Project("{FAE04EC0-301F-11D3-BF4B-00C04F79EFBC}") = "XamScheduler.Android", "XamScheduler.Android\XamScheduler.Android.csproj", "{0A3E03C7-D944-4883-99CF-96EB8EC0CD48}"
EndProject
Project("{FAE04EC0-301F-11D3-BF4B-00C04F79EFBC}") = "XamScheduler.iOS", "XamScheduler.iOS\XamScheduler.iOS.csproj", "{35D8BCDC-C42B-4405-9A10-DB696FD79CC2}"
EndProject
Global
	GlobalSection(SolutionConfigurationPlatforms) = preSolution
		Ad-Hoc|Any CPU = Ad-Hoc|Any CPU
		Ad-Hoc|iPhone = Ad-Hoc|iPhone
		Ad-Hoc|iPhoneSimulator = Ad-Hoc|iPhoneSimulator
		AppStore|Any CPU = AppStore|Any CPU
		AppStore|iPhone = AppStore|iPhone
		AppStore|iPhoneSimulator = AppStore|iPhoneSimulator
		Debug|Any CPU = Debug|Any CPU
		Debug|iPhone = Debug|iPhone
		Debug|iPhoneSimulator = Debug|iPhoneSimulator
		Release|Any CPU = Release|Any CPU
		Release|iPhone = Release|iPhone
		Release|iPhoneSimulator = Release|iPhoneSimulator
	EndGlobalSection
	GlobalSection(ProjectConfigurationPlatforms) = postSolution
		{DCE51FF4-9F72-4B39-9DC9-4A39F1037949}.Ad-Hoc|Any CPU.ActiveCfg = Debug|Any CPU
		{DCE51FF4-9F72-4B39-9DC9-4A39F1037949}.Ad-Hoc|Any CPU.Build.0 = Debug|Any CPU
		{DCE51FF4-9F72-4B39-9DC9-4A39F1037949}.Ad-Hoc|iPhone.ActiveCfg = Debug|Any CPU
		{DCE51FF4-9F72-4B39-9DC9-4A39F1037949}.Ad-Hoc|iPhone.Build.0 = Debug|Any CPU
		{DCE51FF4-9F72-4B39-9DC9-4A39F1037949}.Ad-Hoc|iPhoneSimulator.ActiveCfg = Debug|Any CPU
		{DCE51FF4-9F72-4B39-9DC9-4A39F1037949}.Ad-Hoc|iPhoneSimulator.Build.0 = Debug|Any CPU
		{DCE51FF4-9F72-4B39-9DC9-4A39F1037949}.AppStore|Any CPU.ActiveCfg = Debug|Any CPU
		{DCE51FF4-9F72-4B39-9DC9-4A39F1037949}.AppStore|Any CPU.Build.0 = Debug|Any CPU
		{DCE51FF4-9F72-4B39-9DC9-4A39F1037949}.AppStore|iPhone.ActiveCfg = Debug|Any CPU
		{DCE51FF4-9F72-4B39-9DC9-4A39F1037949}.AppStore|iPhone.Build.0 = Debug|Any CPU
		{DCE51FF4-9F72-4B39-9DC9-4A39F1037949}.AppStore|iPhoneSimulator.ActiveCfg = Debug|Any CPU
		{DCE51FF4-9F72-4B39-9DC9-4A39F1037949}.AppStore|iPhoneSimulator.Build.0 = Debug|Any CPU
		{DCE51FF4-9F72-4B39-9DC9-4A39F1037949}.Debug|Any CPU.ActiveCfg = Debug|Any CPU
		{DCE51FF4-9F72-4B39-9DC9-4A39F1037949}.Debug|Any CPU.Build.0 = Debug|Any CPU
		{DCE51FF4-9F72-4B39-9DC9-4A39F1037949}.Debug|iPhone.ActiveCfg = Debug|Any CPU
		{DCE51FF4-9F72-4B39-9DC9-4A39F1037949}.Debug|iPhone.Build.0 = Debug|Any CPU
		{DCE51FF4-9F72-4B39-9DC9-4A39F1037949}.Debug|iPhoneSimulator.ActiveCfg = Debug|Any CPU
		{DCE51FF4-9F72-4B39-9DC9-4A39F1037949}.Debug|iPhoneSimulator.Build.0 = Debug|Any CPU
		{DCE51FF4-9F72-4B39-9DC9-4A39F1037949}.Release|Any CPU.ActiveCfg = Release|Any CPU
		{DCE51FF4-9F72-4B39-9DC9-4A39F1037949}.Release|Any CPU.Build.0 = Release|Any CPU
		{DCE51FF4-9F72-4B39-9DC9-4A39F1037949}.Release|iPhone.ActiveCfg = Release|Any CPU
		{DCE51FF4-9F72-4B39-9DC9-4A39F1037949}.Release|iPhone.Build.0 = Release|Any CPU
		{DCE51FF4-9F72-4B39-9DC9-4A39F1037949}.Release|iPhoneSimulator.ActiveCfg = Release|Any CPU
		{DCE51FF4-9F72-4B39-9DC9-4A39F1037949}.Release|iPhoneSimulator.Build.0 = Release|Any CPU
		{0A3E03C7-D944-4883-99CF-96EB8EC0CD48}.Ad-Hoc|Any CPU.ActiveCfg = Release|Any CPU
		{0A3E03C7-D944-4883-99CF-96EB8EC0CD48}.Ad-Hoc|Any CPU.Build.0 = Release|Any CPU
		{0A3E03C7-D944-4883-99CF-96EB8EC0CD48}.Ad-Hoc|Any CPU.Deploy.0 = Release|Any CPU
		{0A3E03C7-D944-4883-99CF-96EB8EC0CD48}.Ad-Hoc|iPhone.ActiveCfg = Release|Any CPU
		{0A3E03C7-D944-4883-99CF-96EB8EC0CD48}.Ad-Hoc|iPhone.Build.0 = Release|Any CPU
		{0A3E03C7-D944-4883-99CF-96EB8EC0CD48}.Ad-Hoc|iPhone.Deploy.0 = Release|Any CPU
		{0A3E03C7-D944-4883-99CF-96EB8EC0CD48}.Ad-Hoc|iPhoneSimulator.ActiveCfg = Release|Any CPU
		{0A3E03C7-D944-4883-99CF-96EB8EC0CD48}.Ad-Hoc|iPhoneSimulator.Build.0 = Release|Any CPU
		{0A3E03C7-D944-4883-99CF-96EB8EC0CD48}.Ad-Hoc|iPhoneSimulator.Deploy.0 = Release|Any CPU
		{0A3E03C7-D944-4883-99CF-96EB8EC0CD48}.AppStore|Any CPU.ActiveCfg = Release|Any CPU
		{0A3E03C7-D944-4883-99CF-96EB8EC0CD48}.AppStore|Any CPU.Build.0 = Release|Any CPU
		{0A3E03C7-D944-4883-99CF-96EB8EC0CD48}.AppStore|Any CPU.Deploy.0 = Release|Any CPU
		{0A3E03C7-D944-4883-99CF-96EB8EC0CD48}.AppStore|iPhone.ActiveCfg = Release|Any CPU
		{0A3E03C7-D944-4883-99CF-96EB8EC0CD48}.AppStore|iPhone.Build.0 = Release|Any CPU
		{0A3E03C7-D944-4883-99CF-96EB8EC0CD48}.AppStore|iPhone.Deploy.0 = Release|Any CPU
		{0A3E03C7-D944-4883-99CF-96EB8EC0CD48}.AppStore|iPhoneSimulator.ActiveCfg = Release|Any CPU
		{0A3E03C7-D944-4883-99CF-96EB8EC0CD48}.AppStore|iPhoneSimulator.Build.0 = Release|Any CPU
		{0A3E03C7-D944-4883-99CF-96EB8EC0CD48}.AppStore|iPhoneSimulator.Deploy.0 = Release|Any CPU
		{0A3E03C7-D944-4883-99CF-96EB8EC0CD48}.Debug|Any CPU.ActiveCfg = Debug|Any CPU
		{0A3E03C7-D944-4883-99CF-96EB8EC0CD48}.Debug|Any CPU.Build.0 = Debug|Any CPU
		{0A3E03C7-D944-4883-99CF-96EB8EC0CD48}.Debug|Any CPU.Deploy.0 = Debug|Any CPU
		{0A3E03C7-D944-4883-99CF-96EB8EC0CD48}.Debug|iPhone.ActiveCfg = Debug|Any CPU
		{0A3E03C7-D944-4883-99CF-96EB8EC0CD48}.Debug|iPhone.Build.0 = Debug|Any CPU
		{0A3E03C7-D944-4883-99CF-96EB8EC0CD48}.Debug|iPhone.Deploy.0 = Debug|Any CPU
		{0A3E03C7-D944-4883-99CF-96EB8EC0CD48}.Debug|iPhoneSimulator.ActiveCfg = Debug|Any CPU
		{0A3E03C7-D944-4883-99CF-96EB8EC0CD48}.Debug|iPhoneSimulator.Build.0 = Debug|Any CPU
		{0A3E03C7-D944-4883-99CF-96EB8EC0CD48}.Debug|iPhoneSimulator.Deploy.0 = Debug|Any CPU
		{0A3E03C7-D944-4883-99CF-96EB8EC0CD48}.Release|Any CPU.ActiveCfg = Release|Any CPU
		{0A3E03C7-D944-4883-99CF-96EB8EC0CD48}.Release|Any CPU.Build.0 = Release|Any CPU
		{0A3E03C7-D944-4883-99CF-96EB8EC0CD48}.Release|Any CPU.Deploy.0 = Release|Any CPU
		{0A3E03C7-D944-4883-99CF-96EB8EC0CD48}.Release|iPhone.ActiveCfg = Release|Any CPU
		{0A3E03C7-D944-4883-99CF-96EB8EC0CD48}.Release|iPhone.Build.0 = Release|Any CPU
		{0A3E03C7-D944-4883-99CF-96EB8EC0CD48}.Release|iPhone.Deploy.0 = Release|Any CPU
		{0A3E03C7-D944-4883-99CF-96EB8EC0CD48}.Release|iPhoneSimulator.ActiveCfg = Release|Any CPU
		{0A3E03C7-D944-4883-99CF-96EB8EC0CD48}.Release|iPhoneSimulator.Build.0 = Release|Any CPU
		{0A3E03C7-D944-4883-99CF-96EB8EC0CD48}.Release|iPhoneSimulator.Deploy.0 = Release|Any CPU
		{35D8BCDC-C42B-4405-9A10-DB696FD79CC2}.Ad-Hoc|Any CPU.ActiveCfg = Ad-Hoc|iPhone
		{35D8BCDC-C42B-4405-9A10-DB696FD79CC2}.Ad-Hoc|iPhone.ActiveCfg = Ad-Hoc|iPhone
		{35D8BCDC-C42B-4405-9A10-DB696FD79CC2}.Ad-Hoc|iPhone.Build.0 = Ad-Hoc|iPhone
		{35D8BCDC-C42B-4405-9A10-DB696FD79CC2}.Ad-Hoc|iPhoneSimulator.ActiveCfg = Ad-Hoc|iPhoneSimulator
		{35D8BCDC-C42B-4405-9A10-DB696FD79CC2}.Ad-Hoc|iPhoneSimulator.Build.0 = Ad-Hoc|iPhoneSimulator
		{35D8BCDC-C42B-4405-9A10-DB696FD79CC2}.AppStore|Any CPU.ActiveCfg = AppStore|iPhone
		{35D8BCDC-C42B-4405-9A10-DB696FD79CC2}.AppStore|iPhone.ActiveCfg = AppStore|iPhone
		{35D8BCDC-C42B-4405-9A10-DB696FD79CC2}.AppStore|iPhone.Build.0 = AppStore|iPhone
		{35D8BCDC-C42B-4405-9A10-DB696FD79CC2}.AppStore|iPhoneSimulator.ActiveCfg = AppStore|iPhoneSimulator
		{35D8BCDC-C42B-4405-9A10-DB696FD79CC2}.AppStore|iPhoneSimulator.Build.0 = AppStore|iPhoneSimulator
		{35D8BCDC-C42B-4405-9A10-DB696FD79CC2}.Debug|Any CPU.ActiveCfg = Debug|iPhone
		{35D8BCDC-C42B-4405-9A10-DB696FD79CC2}.Debug|iPhone.ActiveCfg = Debug|iPhone
		{35D8BCDC-C42B-4405-9A10-DB696FD79CC2}.Debug|iPhone.Build.0 = Debug|iPhone
		{35D8BCDC-C42B-4405-9A10-DB696FD79CC2}.Debug|iPhoneSimulator.ActiveCfg = Debug|iPhoneSimulator
		{35D8BCDC-C42B-4405-9A10-DB696FD79CC2}.Debug|iPhoneSimulator.Build.0 = Debug|iPhoneSimulator
		{35D8BCDC-C42B-4405-9A10-DB696FD79CC2}.Release|Any CPU.ActiveCfg = Release|iPhone
		{35D8BCDC-C42B-4405-9A10-DB696FD79CC2}.Release|iPhone.ActiveCfg = Release|iPhone
		{35D8BCDC-C42B-4405-9A10-DB696FD79CC2}.Release|iPhone.Build.0 = Release|iPhone
		{35D8BCDC-C42B-4405-9A10-DB696FD79CC2}.Release|iPhoneSimulator.ActiveCfg = Release|iPhoneSimulator
		{35D8BCDC-C42B-4405-9A10-DB696FD79CC2}.Release|iPhoneSimulator.Build.0 = Release|iPhoneSimulator
	EndGlobalSection
	GlobalSection(SolutionProperties) = preSolution
		HideSolutionNode = FALSE
	EndGlobalSection
	GlobalSection(ExtensibilityGlobals) = postSolution
		SolutionGuid = {A5F8F4E6-ABA4-4F96-BFAC-F0392C74527C}
	EndGlobalSection
EndGlobal
